
Microsoft Visual Studio Solution File, Format Version 12.00
# Visual Studio Version 17
VisualStudioVersion = 17.5.33414.496
MinimumVisualStudioVersion = 10.0.40219.1
Project("{FAE04EC0-301F-11D3-BF4B-00C04F79EFBC}") = "Nardi_v0.1", "Nardi_v0.1\Nardi_v0.1.csproj", "{1E00F2EF-0558-44FE-86B6-08F3579695A6}"
EndProject
Global
	GlobalSection(SolutionConfigurationPlatforms) = preSolution
		Debug|Any CPU = Debug|Any CPU
		Release|Any CPU = Release|Any CPU
	EndGlobalSection
	GlobalSection(ProjectConfigurationPlatforms) = postSolution
		{1E00F2EF-0558-44FE-86B6-08F3579695A6}.Debug|Any CPU.ActiveCfg = Debug|Any CPU
		{1E00F2EF-0558-44FE-86B6-08F3579695A6}.Debug|Any CPU.Build.0 = Debug|Any CPU
		{1E00F2EF-0558-44FE-86B6-08F3579695A6}.Release|Any CPU.ActiveCfg = Release|Any CPU
		{1E00F2EF-0558-44FE-86B6-08F3579695A6}.Release|Any CPU.Build.0 = Release|Any CPU
	EndGlobalSection
	GlobalSection(SolutionProperties) = preSolution
		HideSolutionNode = FALSE
	EndGlobalSection
	GlobalSection(ExtensibilityGlobals) = postSolution
		SolutionGuid = {66F5C7BD-3A34-4EBA-80FE-2F5A38A7A489}
	EndGlobalSection
EndGlobal
